{
  "name": "KindleCalendar",
  "lockfileVersion": 2,
  "requires": true,
  "packages": {
    "": {
      "dependencies": {
        "filewatcher": "^3.0.1",
        "throw": "^1.1.1",
        "ws-plus-hixie": "^1.0.1"
      }
    },
    "node_modules/async-limiter": {
      "version": "1.0.1",
      "resolved": "https://registry.npmjs.org/async-limiter/-/async-limiter-1.0.1.tgz",
      "integrity": "sha512-csOlWGAcRFJaI6m+F2WKdnMKr4HhdhFVBk0H/QbJFMCr+uO2kwohwXQPxw/9OCxp05r5ghVBFSyioixx3gfkNQ=="
    },
    "node_modules/debounce": {
      "version": "1.2.1",
      "resolved": "https://registry.npmjs.org/debounce/-/debounce-1.2.1.tgz",
      "integrity": "sha512-XRRe6Glud4rd/ZGQfiV1ruXSfbvfJedlV9Y6zOlP+2K04vBYiJEte6stfFkCP03aMnY5tsipamumUjL14fofug=="
    },
    "node_modules/filewatcher": {
      "version": "3.0.1",
      "resolved": "https://registry.npmjs.org/filewatcher/-/filewatcher-3.0.1.tgz",
      "integrity": "sha512-Fro8py2B8EJupSP37Kyd4kjKZLr+5ksFq7Vbw8A392Z15Unq8016SPUDvO/AsDj5V6bbPk98PTAinpc5YhPbJw==",
      "dependencies": {
        "debounce": "^1.0.0"
      }
    },
    "node_modules/throw": {
      "version": "1.1.1",
      "resolved": "https://registry.npmjs.org/throw/-/throw-1.1.1.tgz",
      "integrity": "sha512-tyOKKUYwkeiUumu2xE/K4orCLNlL5cmUHoUgWod5Nb9uUoiSNTSsm0YHe1XvQYlaDWzJF41p7vsSbRz/w70FIQ=="
    },
    "node_modules/ws": {
      "version": "5.2.3",
      "resolved": "https://registry.npmjs.org/ws/-/ws-5.2.3.tgz",
      "integrity": "sha512-jZArVERrMsKUatIdnLzqvcfydI85dvd/Fp1u/VOpfdDWQ4c9qWXe+VIeAbQ5FrDwciAkr+lzofXLz3Kuf26AOA==",
      "dependencies": {
        "async-limiter": "~1.0.0"
      }
    },
    "node_modules/ws-plus-hixie": {
      "version": "1.0.1",
      "resolved": "https://registry.npmjs.org/ws-plus-hixie/-/ws-plus-hixie-1.0.1.tgz",
      "integrity": "sha512-6fKn3MMpvU66+UnjzhNPuM30B/0N69yZp0Yfiz2Y6myY4hnNCpkbx3qT1f+m8InLY5v1alG+GhtRzLfgx5QNag==",
      "dependencies": {
        "ws": "^5.1.1"
      }
    }
  },
  "dependencies": {
    "async-limiter": {
      "version": "1.0.1",
      "resolved": "https://registry.npmjs.org/async-limiter/-/async-limiter-1.0.1.tgz",
      "integrity": "sha512-csOlWGAcRFJaI6m+F2WKdnMKr4HhdhFVBk0H/QbJFMCr+uO2kwohwXQPxw/9OCxp05r5ghVBFSyioixx3gfkNQ=="
    },
    "debounce": {
      "version": "1.2.1",
      "resolved": "https://registry.npmjs.org/debounce/-/debounce-1.2.1.tgz",
      "integrity": "sha512-XRRe6Glud4rd/ZGQfiV1ruXSfbvfJedlV9Y6zOlP+2K04vBYiJEte6stfFkCP03aMnY5tsipamumUjL14fofug=="
    },
    "filewatcher": {
      "version": "3.0.1",
      "resolved": "https://registry.npmjs.org/filewatcher/-/filewatcher-3.0.1.tgz",
      "integrity": "sha512-Fro8py2B8EJupSP37Kyd4kjKZLr+5ksFq7Vbw8A392Z15Unq8016SPUDvO/AsDj5V6bbPk98PTAinpc5YhPbJw==",
      "requires": {
        "debounce": "^1.0.0"
      }
    },
    "throw": {
      "version": "1.1.1",
      "resolved": "https://registry.npmjs.org/throw/-/throw-1.1.1.tgz",
      "integrity": "sha512-tyOKKUYwkeiUumu2xE/K4orCLNlL5cmUHoUgWod5Nb9uUoiSNTSsm0YHe1XvQYlaDWzJF41p7vsSbRz/w70FIQ=="
    },
    "ws": {
      "version": "5.2.3",
      "resolved": "https://registry.npmjs.org/ws/-/ws-5.2.3.tgz",
      "integrity": "sha512-jZArVERrMsKUatIdnLzqvcfydI85dvd/Fp1u/VOpfdDWQ4c9qWXe+VIeAbQ5FrDwciAkr+lzofXLz3Kuf26AOA==",
      "requires": {
        "async-limiter": "~1.0.0"
      }
    },
    "ws-plus-hixie": {
      "version": "1.0.1",
      "resolved": "https://registry.npmjs.org/ws-plus-hixie/-/ws-plus-hixie-1.0.1.tgz",
      "integrity": "sha512-6fKn3MMpvU66+UnjzhNPuM30B/0N69yZp0Yfiz2Y6myY4hnNCpkbx3qT1f+m8InLY5v1alG+GhtRzLfgx5QNag==",
      "requires": {
        "ws": "^5.1.1"
      }
    }
  }
}
